03_assign_reads_to_strain/1-1_strain_counts.csv
03_assign_reads_to_strain/1-2_strain_counts.csv
03_assign_reads_to_strain/1-3_strain_counts.csv
03_assign_reads_to_strain/1-4_strain_counts.csv
03_assign_reads_to_strain/1-5_strain_counts.csv
03_assign_reads_to_strain/1-6_strain_counts.csv
03_assign_reads_to_strain/1-7_strain_counts.csv
03_assign_reads_to_strain/1-8_strain_counts.csv
03_assign_reads_to_strain/1-9_strain_counts.csv
03_assign_reads_to_strain/1-10_strain_counts.csv
03_assign_reads_to_strain/1-11_strain_counts.csv
03_assign_reads_to_strain/1-12_strain_counts.csv
03_assign_reads_to_strain/1-13_strain_counts.csv
03_assign_reads_to_strain/1-14_strain_counts.csv
03_assign_reads_to_strain/1-15_strain_counts.csv
03_assign_reads_to_strain/1-16_strain_counts.csv
03_assign_reads_to_strain/1-17_strain_counts.csv
03_assign_reads_to_strain/1-18_strain_counts.csv
03_assign_reads_to_strain/1-19_strain_counts.csv
03_assign_reads_to_strain/1-20_strain_counts.csv
03_assign_reads_to_strain/1-21_strain_counts.csv
03_assign_reads_to_strain/1-22_strain_counts.csv
03_assign_reads_to_strain/1-23_strain_counts.csv
03_assign_reads_to_strain/1-24_strain_counts.csv
03_assign_reads_to_strain/2-1_strain_counts.csv
03_assign_reads_to_strain/2-2_strain_counts.csv
03_assign_reads_to_strain/2-3_strain_counts.csv
03_assign_reads_to_strain/2-4_strain_counts.csv
03_assign_reads_to_strain/2-5_strain_counts.csv
03_assign_reads_to_strain/2-6_strain_counts.csv
03_assign_reads_to_strain/2-7_strain_counts.csv
03_assign_reads_to_strain/2-8_strain_counts.csv
03_assign_reads_to_strain/2-9_strain_counts.csv
03_assign_reads_to_strain/2-10_strain_counts.csv
03_assign_reads_to_strain/2-11_strain_counts.csv
03_assign_reads_to_strain/2-12_strain_counts.csv
03_assign_reads_to_strain/2-13_strain_counts.csv
03_assign_reads_to_strain/2-14_strain_counts.csv
03_assign_reads_to_strain/2-15_strain_counts.csv
03_assign_reads_to_strain/2-16_strain_counts.csv
03_assign_reads_to_strain/2-17_strain_counts.csv
03_assign_reads_to_strain/2-18_strain_counts.csv
03_assign_reads_to_strain/2-19_strain_counts.csv
03_assign_reads_to_strain/2-20_strain_counts.csv
03_assign_reads_to_strain/2-21_strain_counts.csv
03_assign_reads_to_strain/2-22_strain_counts.csv
03_assign_reads_to_strain/2-23_strain_counts.csv
03_assign_reads_to_strain/2-24_strain_counts.csv
03_assign_reads_to_strain/3-1_strain_counts.csv
03_assign_reads_to_strain/3-2_strain_counts.csv
03_assign_reads_to_strain/3-3_strain_counts.csv
03_assign_reads_to_strain/3-4_strain_counts.csv
03_assign_reads_to_strain/3-5_strain_counts.csv
03_assign_reads_to_strain/3-6_strain_counts.csv
03_assign_reads_to_strain/3-7_strain_counts.csv
03_assign_reads_to_strain/3-8_strain_counts.csv
03_assign_reads_to_strain/3-9_strain_counts.csv
03_assign_reads_to_strain/3-10_strain_counts.csv
03_assign_reads_to_strain/3-11_strain_counts.csv
03_assign_reads_to_strain/3-12_strain_counts.csv
03_assign_reads_to_strain/3-13_strain_counts.csv
03_assign_reads_to_strain/3-14_strain_counts.csv
03_assign_reads_to_strain/3-15_strain_counts.csv
03_assign_reads_to_strain/3-16_strain_counts.csv
03_assign_reads_to_strain/3-17_strain_counts.csv
03_assign_reads_to_strain/3-18_strain_counts.csv
03_assign_reads_to_strain/3-19_strain_counts.csv
03_assign_reads_to_strain/3-20_strain_counts.csv
03_assign_reads_to_strain/3-21_strain_counts.csv
03_assign_reads_to_strain/3-22_strain_counts.csv
01_ReadsRenamed/1-1_reads.fastq.gz
database/16S_sequences/unique_position_info.pickle
database/16S_sequences/16S_aligned.fasta
database/16S_sequences/16S_sequences.fasta.all
01_ReadsRenamed/1-2_reads.fastq.gz
database/16S_sequences/unique_position_info.pickle
database/16S_sequences/16S_aligned.fasta
01_ReadsRenamed/1-3_reads.fastq.gz
database/16S_sequences/unique_position_info.pickle
database/16S_sequences/16S_aligned.fasta
01_ReadsRenamed/1-4_reads.fastq.gz
database/16S_sequences/unique_position_info.pickle
database/16S_sequences/16S_aligned.fasta
01_ReadsRenamed/1-5_reads.fastq.gz
database/16S_sequences/unique_position_info.pickle
database/16S_sequences/16S_aligned.fasta
01_ReadsRenamed/1-6_reads.fastq.gz
database/16S_sequences/unique_position_info.pickle
database/16S_sequences/16S_aligned.fasta
01_ReadsRenamed/1-7_reads.fastq.gz
database/16S_sequences/unique_position_info.pickle
database/16S_sequences/16S_aligned.fasta
01_ReadsRenamed/1-8_reads.fastq.gz
database/16S_sequences/unique_position_info.pickle
database/16S_sequences/16S_aligned.fasta
01_ReadsRenamed/1-9_reads.fastq.gz
database/16S_sequences/unique_position_info.pickle
database/16S_sequences/16S_aligned.fasta
01_ReadsRenamed/1-10_reads.fastq.gz
database/16S_sequences/unique_position_info.pickle
database/16S_sequences/16S_aligned.fasta
01_ReadsRenamed/1-11_reads.fastq.gz
database/16S_sequences/unique_position_info.pickle
database/16S_sequences/16S_aligned.fasta
01_ReadsRenamed/1-12_reads.fastq.gz
database/16S_sequences/unique_position_info.pickle
database/16S_sequences/16S_aligned.fasta
01_ReadsRenamed/1-13_reads.fastq.gz
database/16S_sequences/unique_position_info.pickle
database/16S_sequences/16S_aligned.fasta
01_ReadsRenamed/1-14_reads.fastq.gz
database/16S_sequences/unique_position_info.pickle
database/16S_sequences/16S_aligned.fasta
01_ReadsRenamed/1-15_reads.fastq.gz
database/16S_sequences/unique_position_info.pickle
database/16S_sequences/16S_aligned.fasta
01_ReadsRenamed/1-16_reads.fastq.gz
database/16S_sequences/unique_position_info.pickle
database/16S_sequences/16S_aligned.fasta
01_ReadsRenamed/1-17_reads.fastq.gz
database/16S_sequences/unique_position_info.pickle
database/16S_sequences/16S_aligned.fasta
01_ReadsRenamed/1-18_reads.fastq.gz
database/16S_sequences/unique_position_info.pickle
database/16S_sequences/16S_aligned.fasta
01_ReadsRenamed/1-19_reads.fastq.gz
database/16S_sequences/unique_position_info.pickle
database/16S_sequences/16S_aligned.fasta
01_ReadsRenamed/1-20_reads.fastq.gz
database/16S_sequences/unique_position_info.pickle
database/16S_sequences/16S_aligned.fasta
01_ReadsRenamed/1-21_reads.fastq.gz
database/16S_sequences/unique_position_info.pickle
database/16S_sequences/16S_aligned.fasta
01_ReadsRenamed/1-22_reads.fastq.gz
database/16S_sequences/unique_position_info.pickle
database/16S_sequences/16S_aligned.fasta
01_ReadsRenamed/1-23_reads.fastq.gz
database/16S_sequences/unique_position_info.pickle
database/16S_sequences/16S_aligned.fasta
01_ReadsRenamed/1-24_reads.fastq.gz
database/16S_sequences/unique_position_info.pickle
database/16S_sequences/16S_aligned.fasta
01_ReadsRenamed/2-1_reads.fastq.gz
database/16S_sequences/unique_position_info.pickle
database/16S_sequences/16S_aligned.fasta
01_ReadsRenamed/2-2_reads.fastq.gz
database/16S_sequences/unique_position_info.pickle
database/16S_sequences/16S_aligned.fasta
01_ReadsRenamed/2-3_reads.fastq.gz
database/16S_sequences/unique_position_info.pickle
database/16S_sequences/16S_aligned.fasta
01_ReadsRenamed/2-4_reads.fastq.gz
database/16S_sequences/unique_position_info.pickle
database/16S_sequences/16S_aligned.fasta
01_ReadsRenamed/2-5_reads.fastq.gz
database/16S_sequences/unique_position_info.pickle
database/16S_sequences/16S_aligned.fasta
01_ReadsRenamed/2-6_reads.fastq.gz
database/16S_sequences/unique_position_info.pickle
database/16S_sequences/16S_aligned.fasta
01_ReadsRenamed/2-7_reads.fastq.gz
database/16S_sequences/unique_position_info.pickle
database/16S_sequences/16S_aligned.fasta
01_ReadsRenamed/2-8_reads.fastq.gz
database/16S_sequences/unique_position_info.pickle
database/16S_sequences/16S_aligned.fasta
01_ReadsRenamed/2-9_reads.fastq.gz
database/16S_sequences/unique_position_info.pickle
database/16S_sequences/16S_aligned.fasta
01_ReadsRenamed/2-10_reads.fastq.gz
database/16S_sequences/unique_position_info.pickle
database/16S_sequences/16S_aligned.fasta
01_ReadsRenamed/2-11_reads.fastq.gz
database/16S_sequences/unique_position_info.pickle
database/16S_sequences/16S_aligned.fasta
01_ReadsRenamed/2-12_reads.fastq.gz
database/16S_sequences/unique_position_info.pickle
database/16S_sequences/16S_aligned.fasta
01_ReadsRenamed/2-13_reads.fastq.gz
database/16S_sequences/unique_position_info.pickle
database/16S_sequences/16S_aligned.fasta
01_ReadsRenamed/2-14_reads.fastq.gz
database/16S_sequences/unique_position_info.pickle
database/16S_sequences/16S_aligned.fasta
01_ReadsRenamed/2-15_reads.fastq.gz
database/16S_sequences/unique_position_info.pickle
database/16S_sequences/16S_aligned.fasta
01_ReadsRenamed/2-16_reads.fastq.gz
database/16S_sequences/unique_position_info.pickle
database/16S_sequences/16S_aligned.fasta
01_ReadsRenamed/2-17_reads.fastq.gz
database/16S_sequences/unique_position_info.pickle
database/16S_sequences/16S_aligned.fasta
01_ReadsRenamed/2-18_reads.fastq.gz
database/16S_sequences/unique_position_info.pickle
database/16S_sequences/16S_aligned.fasta
01_ReadsRenamed/2-19_reads.fastq.gz
database/16S_sequences/unique_position_info.pickle
database/16S_sequences/16S_aligned.fasta
01_ReadsRenamed/2-20_reads.fastq.gz
database/16S_sequences/unique_position_info.pickle
database/16S_sequences/16S_aligned.fasta
01_ReadsRenamed/2-21_reads.fastq.gz
database/16S_sequences/unique_position_info.pickle
database/16S_sequences/16S_aligned.fasta
01_ReadsRenamed/2-22_reads.fastq.gz
database/16S_sequences/unique_position_info.pickle
database/16S_sequences/16S_aligned.fasta
01_ReadsRenamed/2-23_reads.fastq.gz
database/16S_sequences/unique_position_info.pickle
database/16S_sequences/16S_aligned.fasta
01_ReadsRenamed/2-24_reads.fastq.gz
database/16S_sequences/unique_position_info.pickle
database/16S_sequences/16S_aligned.fasta
01_ReadsRenamed/3-1_reads.fastq.gz
database/16S_sequences/unique_position_info.pickle
database/16S_sequences/16S_aligned.fasta
01_ReadsRenamed/3-2_reads.fastq.gz
database/16S_sequences/unique_position_info.pickle
database/16S_sequences/16S_aligned.fasta
01_ReadsRenamed/3-3_reads.fastq.gz
database/16S_sequences/unique_position_info.pickle
database/16S_sequences/16S_aligned.fasta
01_ReadsRenamed/3-4_reads.fastq.gz
database/16S_sequences/unique_position_info.pickle
database/16S_sequences/16S_aligned.fasta
01_ReadsRenamed/3-5_reads.fastq.gz
database/16S_sequences/unique_position_info.pickle
database/16S_sequences/16S_aligned.fasta
01_ReadsRenamed/3-6_reads.fastq.gz
database/16S_sequences/unique_position_info.pickle
database/16S_sequences/16S_aligned.fasta
01_ReadsRenamed/3-7_reads.fastq.gz
database/16S_sequences/unique_position_info.pickle
database/16S_sequences/16S_aligned.fasta
01_ReadsRenamed/3-8_reads.fastq.gz
database/16S_sequences/unique_position_info.pickle
database/16S_sequences/16S_aligned.fasta
01_ReadsRenamed/3-9_reads.fastq.gz
database/16S_sequences/unique_position_info.pickle
database/16S_sequences/16S_aligned.fasta
01_ReadsRenamed/3-10_reads.fastq.gz
database/16S_sequences/unique_position_info.pickle
database/16S_sequences/16S_aligned.fasta
01_ReadsRenamed/3-11_reads.fastq.gz
database/16S_sequences/unique_position_info.pickle
database/16S_sequences/16S_aligned.fasta
01_ReadsRenamed/3-12_reads.fastq.gz
database/16S_sequences/unique_position_info.pickle
database/16S_sequences/16S_aligned.fasta
01_ReadsRenamed/3-13_reads.fastq.gz
database/16S_sequences/unique_position_info.pickle
database/16S_sequences/16S_aligned.fasta
01_ReadsRenamed/3-14_reads.fastq.gz
database/16S_sequences/unique_position_info.pickle
database/16S_sequences/16S_aligned.fasta
01_ReadsRenamed/3-15_reads.fastq.gz
database/16S_sequences/unique_position_info.pickle
database/16S_sequences/16S_aligned.fasta
01_ReadsRenamed/3-16_reads.fastq.gz
database/16S_sequences/unique_position_info.pickle
database/16S_sequences/16S_aligned.fasta
01_ReadsRenamed/3-17_reads.fastq.gz
database/16S_sequences/unique_position_info.pickle
database/16S_sequences/16S_aligned.fasta
01_ReadsRenamed/3-18_reads.fastq.gz
database/16S_sequences/unique_position_info.pickle
database/16S_sequences/16S_aligned.fasta
01_ReadsRenamed/3-19_reads.fastq.gz
database/16S_sequences/unique_position_info.pickle
database/16S_sequences/16S_aligned.fasta
01_ReadsRenamed/3-20_reads.fastq.gz
database/16S_sequences/unique_position_info.pickle
database/16S_sequences/16S_aligned.fasta
01_ReadsRenamed/3-21_reads.fastq.gz
database/16S_sequences/unique_position_info.pickle
database/16S_sequences/16S_aligned.fasta
01_ReadsRenamed/3-22_reads.fastq.gz
database/16S_sequences/unique_position_info.pickle
database/16S_sequences/16S_aligned.fasta
