03_assign_reads_to_strain/3-7_strain_counts.csv
03_assign_reads_to_strain/3-7_summary.txt
03_assign_reads_to_strain/3-19_strain_counts.csv
03_assign_reads_to_strain/3-19_summary.txt
03_assign_reads_to_strain/3-22_strain_counts.csv
03_assign_reads_to_strain/3-22_summary.txt
03_assign_reads_to_strain/3-21_strain_counts.csv
03_assign_reads_to_strain/3-21_summary.txt
03_assign_reads_to_strain/1-7_strain_counts.csv
03_assign_reads_to_strain/1-7_summary.txt
03_assign_reads_to_strain/1-4_strain_counts.csv
03_assign_reads_to_strain/1-4_summary.txt
03_assign_reads_to_strain/1-11_strain_counts.csv
03_assign_reads_to_strain/1-11_summary.txt
03_assign_reads_to_strain/1-18_strain_counts.csv
03_assign_reads_to_strain/1-18_summary.txt
03_assign_reads_to_strain/2-1_strain_counts.csv
03_assign_reads_to_strain/2-1_summary.txt
03_assign_reads_to_strain/2-8_strain_counts.csv
03_assign_reads_to_strain/2-8_summary.txt
03_assign_reads_to_strain/2-15_strain_counts.csv
03_assign_reads_to_strain/2-15_summary.txt
03_assign_reads_to_strain/2-18_strain_counts.csv
03_assign_reads_to_strain/2-18_summary.txt
03_assign_reads_to_strain/2-22_strain_counts.csv
03_assign_reads_to_strain/2-22_summary.txt
03_assign_reads_to_strain/1-8_strain_counts.csv
03_assign_reads_to_strain/1-8_summary.txt
03_assign_reads_to_strain/1-15_strain_counts.csv
03_assign_reads_to_strain/1-15_summary.txt
03_assign_reads_to_strain/1-1_strain_counts.csv
03_assign_reads_to_strain/1-1_summary.txt
03_assign_reads_to_strain/1-22_strain_counts.csv
03_assign_reads_to_strain/1-22_summary.txt
03_assign_reads_to_strain/2-5_strain_counts.csv
03_assign_reads_to_strain/2-5_summary.txt
03_assign_reads_to_strain/2-12_strain_counts.csv
03_assign_reads_to_strain/2-12_summary.txt
03_assign_reads_to_strain/2-19_strain_counts.csv
03_assign_reads_to_strain/2-19_summary.txt
03_assign_reads_to_strain/3-2_strain_counts.csv
03_assign_reads_to_strain/3-2_summary.txt
03_assign_reads_to_strain/3-9_strain_counts.csv
03_assign_reads_to_strain/3-9_summary.txt
03_assign_reads_to_strain/3-13_strain_counts.csv
03_assign_reads_to_strain/3-13_summary.txt
03_assign_reads_to_strain/3-16_strain_counts.csv
03_assign_reads_to_strain/3-16_summary.txt
03_assign_reads_to_strain/3-5_strain_counts.csv
03_assign_reads_to_strain/3-5_summary.txt
03_assign_reads_to_strain/3-8_strain_counts.csv
03_assign_reads_to_strain/3-8_summary.txt
03_assign_reads_to_strain/1-12_strain_counts.csv
03_assign_reads_to_strain/1-12_summary.txt
03_assign_reads_to_strain/1-5_strain_counts.csv
03_assign_reads_to_strain/1-5_summary.txt
03_assign_reads_to_strain/1-19_strain_counts.csv
03_assign_reads_to_strain/1-19_summary.txt
03_assign_reads_to_strain/2-2_strain_counts.csv
03_assign_reads_to_strain/2-2_summary.txt
03_assign_reads_to_strain/2-9_strain_counts.csv
03_assign_reads_to_strain/2-9_summary.txt
03_assign_reads_to_strain/2-16_strain_counts.csv
03_assign_reads_to_strain/2-16_summary.txt
03_assign_reads_to_strain/2-23_strain_counts.csv
03_assign_reads_to_strain/2-23_summary.txt
03_assign_reads_to_strain/3-6_strain_counts.csv
03_assign_reads_to_strain/3-6_summary.txt
03_assign_reads_to_strain/1-9_strain_counts.csv
03_assign_reads_to_strain/1-9_summary.txt
03_assign_reads_to_strain/1-16_strain_counts.csv
03_assign_reads_to_strain/1-16_summary.txt
03_assign_reads_to_strain/1-2_strain_counts.csv
03_assign_reads_to_strain/1-2_summary.txt
03_assign_reads_to_strain/1-23_strain_counts.csv
03_assign_reads_to_strain/1-23_summary.txt
03_assign_reads_to_strain/2-4_strain_counts.csv
03_assign_reads_to_strain/2-4_summary.txt
03_assign_reads_to_strain/2-6_strain_counts.csv
03_assign_reads_to_strain/2-6_summary.txt
03_assign_reads_to_strain/2-13_strain_counts.csv
03_assign_reads_to_strain/2-13_summary.txt
03_assign_reads_to_strain/2-20_strain_counts.csv
03_assign_reads_to_strain/2-20_summary.txt
03_assign_reads_to_strain/3-3_strain_counts.csv
03_assign_reads_to_strain/3-3_summary.txt
03_assign_reads_to_strain/3-10_strain_counts.csv
03_assign_reads_to_strain/3-10_summary.txt
03_assign_reads_to_strain/3-15_strain_counts.csv
03_assign_reads_to_strain/3-15_summary.txt
03_assign_reads_to_strain/3-1_strain_counts.csv
03_assign_reads_to_strain/3-1_summary.txt
03_assign_reads_to_strain/3-14_strain_counts.csv
03_assign_reads_to_strain/3-14_summary.txt
03_assign_reads_to_strain/3-17_strain_counts.csv
03_assign_reads_to_strain/3-17_summary.txt
03_assign_reads_to_strain/1-6_strain_counts.csv
03_assign_reads_to_strain/1-6_summary.txt
03_assign_reads_to_strain/1-13_strain_counts.csv
03_assign_reads_to_strain/1-13_summary.txt
03_assign_reads_to_strain/1-20_strain_counts.csv
03_assign_reads_to_strain/1-20_summary.txt
03_assign_reads_to_strain/2-3_strain_counts.csv
03_assign_reads_to_strain/2-3_summary.txt
03_assign_reads_to_strain/2-10_strain_counts.csv
03_assign_reads_to_strain/2-10_summary.txt
03_assign_reads_to_strain/2-17_strain_counts.csv
03_assign_reads_to_strain/2-17_summary.txt
03_assign_reads_to_strain/2-24_strain_counts.csv
03_assign_reads_to_strain/2-24_summary.txt
03_assign_reads_to_strain/1-3_strain_counts.csv
03_assign_reads_to_strain/1-3_summary.txt
03_assign_reads_to_strain/1-10_strain_counts.csv
03_assign_reads_to_strain/1-10_summary.txt
03_assign_reads_to_strain/1-17_strain_counts.csv
03_assign_reads_to_strain/1-17_summary.txt
03_assign_reads_to_strain/1-24_strain_counts.csv
03_assign_reads_to_strain/1-24_summary.txt
03_assign_reads_to_strain/2-7_strain_counts.csv
03_assign_reads_to_strain/2-7_summary.txt
03_assign_reads_to_strain/2-14_strain_counts.csv
03_assign_reads_to_strain/2-14_summary.txt
03_assign_reads_to_strain/2-21_strain_counts.csv
03_assign_reads_to_strain/2-21_summary.txt
03_assign_reads_to_strain/3-4_strain_counts.csv
03_assign_reads_to_strain/3-4_summary.txt
03_assign_reads_to_strain/3-11_strain_counts.csv
03_assign_reads_to_strain/3-11_summary.txt
03_assign_reads_to_strain/3-18_strain_counts.csv
03_assign_reads_to_strain/3-18_summary.txt
03_assign_reads_to_strain/2-11_strain_counts.csv
03_assign_reads_to_strain/2-11_summary.txt
03_assign_reads_to_strain/3-20_strain_counts.csv
03_assign_reads_to_strain/3-20_summary.txt
03_assign_reads_to_strain/1-21_strain_counts.csv
03_assign_reads_to_strain/1-21_summary.txt
03_assign_reads_to_strain/3-12_strain_counts.csv
03_assign_reads_to_strain/3-12_summary.txt
03_assign_reads_to_strain/1-14_strain_counts.csv
03_assign_reads_to_strain/1-14_summary.txt
