03_assign_reads_to_strain/3-21_strain_counts.csv
03_assign_reads_to_strain/3-21_summary.txt
03_assign_reads_to_strain/3-21.progress
03_assign_reads_to_strain/3-13_strain_counts.csv
03_assign_reads_to_strain/3-13_summary.txt
03_assign_reads_to_strain/3-13.progress
03_assign_reads_to_strain/3-16_strain_counts.csv
03_assign_reads_to_strain/3-16_summary.txt
03_assign_reads_to_strain/3-16.progress
03_assign_reads_to_strain/2-24_strain_counts.csv
03_assign_reads_to_strain/2-24_summary.txt
03_assign_reads_to_strain/2-24.progress
03_assign_reads_to_strain/3-8_strain_counts.csv
03_assign_reads_to_strain/3-8_summary.txt
03_assign_reads_to_strain/3-8.progress
03_assign_reads_to_strain/1-7_strain_counts.csv
03_assign_reads_to_strain/1-7_summary.txt
03_assign_reads_to_strain/1-7.progress
03_assign_reads_to_strain/1-21_strain_counts.csv
03_assign_reads_to_strain/1-21_summary.txt
03_assign_reads_to_strain/1-21.progress
03_assign_reads_to_strain/1-4_strain_counts.csv
03_assign_reads_to_strain/1-4_summary.txt
03_assign_reads_to_strain/1-4.progress
03_assign_reads_to_strain/1-11_strain_counts.csv
03_assign_reads_to_strain/1-11_summary.txt
03_assign_reads_to_strain/1-11.progress
03_assign_reads_to_strain/1-18_strain_counts.csv
03_assign_reads_to_strain/1-18_summary.txt
03_assign_reads_to_strain/1-18.progress
03_assign_reads_to_strain/2-1_strain_counts.csv
03_assign_reads_to_strain/2-1_summary.txt
03_assign_reads_to_strain/2-1.progress
03_assign_reads_to_strain/2-8_strain_counts.csv
03_assign_reads_to_strain/2-8_summary.txt
03_assign_reads_to_strain/2-8.progress
03_assign_reads_to_strain/2-15_strain_counts.csv
03_assign_reads_to_strain/2-15_summary.txt
03_assign_reads_to_strain/2-15.progress
03_assign_reads_to_strain/2-22_strain_counts.csv
03_assign_reads_to_strain/2-22_summary.txt
03_assign_reads_to_strain/2-22.progress
03_assign_reads_to_strain/3-5_strain_counts.csv
03_assign_reads_to_strain/3-5_summary.txt
03_assign_reads_to_strain/3-5.progress
03_assign_reads_to_strain/1-15_strain_counts.csv
03_assign_reads_to_strain/1-15_summary.txt
03_assign_reads_to_strain/1-15.progress
03_assign_reads_to_strain/1-1_strain_counts.csv
03_assign_reads_to_strain/1-1_summary.txt
03_assign_reads_to_strain/1-1.progress
03_assign_reads_to_strain/1-8_strain_counts.csv
03_assign_reads_to_strain/1-8_summary.txt
03_assign_reads_to_strain/1-8.progress
03_assign_reads_to_strain/1-22_strain_counts.csv
03_assign_reads_to_strain/1-22_summary.txt
03_assign_reads_to_strain/1-22.progress
03_assign_reads_to_strain/2-5_strain_counts.csv
03_assign_reads_to_strain/2-5_summary.txt
03_assign_reads_to_strain/2-5.progress
03_assign_reads_to_strain/2-12_strain_counts.csv
03_assign_reads_to_strain/2-12_summary.txt
03_assign_reads_to_strain/2-12.progress
03_assign_reads_to_strain/2-11_strain_counts.csv
03_assign_reads_to_strain/2-11_summary.txt
03_assign_reads_to_strain/2-11.progress
03_assign_reads_to_strain/2-19_strain_counts.csv
03_assign_reads_to_strain/2-19_summary.txt
03_assign_reads_to_strain/2-19.progress
03_assign_reads_to_strain/3-2_strain_counts.csv
03_assign_reads_to_strain/3-2_summary.txt
03_assign_reads_to_strain/3-2.progress
03_assign_reads_to_strain/3-9_strain_counts.csv
03_assign_reads_to_strain/3-9_summary.txt
03_assign_reads_to_strain/3-9.progress
03_assign_reads_to_strain/3-12_strain_counts.csv
03_assign_reads_to_strain/3-12_summary.txt
03_assign_reads_to_strain/3-12.progress
03_assign_reads_to_strain/3-19_strain_counts.csv
03_assign_reads_to_strain/3-19_summary.txt
03_assign_reads_to_strain/3-19.progress
03_assign_reads_to_strain/3-15_strain_counts.csv
03_assign_reads_to_strain/3-15_summary.txt
03_assign_reads_to_strain/3-15.progress
03_assign_reads_to_strain/3-22_strain_counts.csv
03_assign_reads_to_strain/3-22_summary.txt
03_assign_reads_to_strain/3-22.progress
03_assign_reads_to_strain/3-14_strain_counts.csv
03_assign_reads_to_strain/3-14_summary.txt
03_assign_reads_to_strain/3-14.progress
03_assign_reads_to_strain/3-1_strain_counts.csv
03_assign_reads_to_strain/3-1_summary.txt
03_assign_reads_to_strain/3-1.progress
03_assign_reads_to_strain/3-18_strain_counts.csv
03_assign_reads_to_strain/3-18_summary.txt
03_assign_reads_to_strain/3-18.progress
03_assign_reads_to_strain/1-12_strain_counts.csv
03_assign_reads_to_strain/1-12_summary.txt
03_assign_reads_to_strain/1-12.progress
03_assign_reads_to_strain/1-5_strain_counts.csv
03_assign_reads_to_strain/1-5_summary.txt
03_assign_reads_to_strain/1-5.progress
03_assign_reads_to_strain/1-19_strain_counts.csv
03_assign_reads_to_strain/1-19_summary.txt
03_assign_reads_to_strain/1-19.progress
03_assign_reads_to_strain/2-2_strain_counts.csv
03_assign_reads_to_strain/2-2_summary.txt
03_assign_reads_to_strain/2-2.progress
03_assign_reads_to_strain/2-9_strain_counts.csv
03_assign_reads_to_strain/2-9_summary.txt
03_assign_reads_to_strain/2-9.progress
03_assign_reads_to_strain/2-16_strain_counts.csv
03_assign_reads_to_strain/2-16_summary.txt
03_assign_reads_to_strain/2-16.progress
03_assign_reads_to_strain/2-23_strain_counts.csv
03_assign_reads_to_strain/2-23_summary.txt
03_assign_reads_to_strain/2-23.progress
03_assign_reads_to_strain/3-6_strain_counts.csv
03_assign_reads_to_strain/3-6_summary.txt
03_assign_reads_to_strain/3-6.progress
03_assign_reads_to_strain/1-16_strain_counts.csv
03_assign_reads_to_strain/1-16_summary.txt
03_assign_reads_to_strain/1-16.progress
03_assign_reads_to_strain/1-9_strain_counts.csv
03_assign_reads_to_strain/1-9_summary.txt
03_assign_reads_to_strain/1-9.progress
03_assign_reads_to_strain/1-2_strain_counts.csv
03_assign_reads_to_strain/1-2_summary.txt
03_assign_reads_to_strain/1-2.progress
03_assign_reads_to_strain/1-23_strain_counts.csv
03_assign_reads_to_strain/1-23_summary.txt
03_assign_reads_to_strain/1-23.progress
03_assign_reads_to_strain/2-6_strain_counts.csv
03_assign_reads_to_strain/2-6_summary.txt
03_assign_reads_to_strain/2-6.progress
03_assign_reads_to_strain/2-13_strain_counts.csv
03_assign_reads_to_strain/2-13_summary.txt
03_assign_reads_to_strain/2-13.progress
03_assign_reads_to_strain/2-20_strain_counts.csv
03_assign_reads_to_strain/2-20_summary.txt
03_assign_reads_to_strain/2-20.progress
03_assign_reads_to_strain/3-3_strain_counts.csv
03_assign_reads_to_strain/3-3_summary.txt
03_assign_reads_to_strain/3-3.progress
03_assign_reads_to_strain/3-10_strain_counts.csv
03_assign_reads_to_strain/3-10_summary.txt
03_assign_reads_to_strain/3-10.progress
03_assign_reads_to_strain/3-17_strain_counts.csv
03_assign_reads_to_strain/3-17_summary.txt
03_assign_reads_to_strain/3-17.progress
03_assign_reads_to_strain/3-20_strain_counts.csv
03_assign_reads_to_strain/3-20_summary.txt
03_assign_reads_to_strain/3-20.progress
03_assign_reads_to_strain/1-6_strain_counts.csv
03_assign_reads_to_strain/1-6_summary.txt
03_assign_reads_to_strain/1-6.progress
03_assign_reads_to_strain/1-13_strain_counts.csv
03_assign_reads_to_strain/1-13_summary.txt
03_assign_reads_to_strain/1-13.progress
03_assign_reads_to_strain/1-20_strain_counts.csv
03_assign_reads_to_strain/1-20_summary.txt
03_assign_reads_to_strain/1-20.progress
03_assign_reads_to_strain/2-3_strain_counts.csv
03_assign_reads_to_strain/2-3_summary.txt
03_assign_reads_to_strain/2-3.progress
03_assign_reads_to_strain/2-4_strain_counts.csv
03_assign_reads_to_strain/2-4_summary.txt
03_assign_reads_to_strain/2-4.progress
03_assign_reads_to_strain/2-10_strain_counts.csv
03_assign_reads_to_strain/2-10_summary.txt
03_assign_reads_to_strain/2-10.progress
03_assign_reads_to_strain/2-17_strain_counts.csv
03_assign_reads_to_strain/2-17_summary.txt
03_assign_reads_to_strain/2-17.progress
03_assign_reads_to_strain/1-3_strain_counts.csv
03_assign_reads_to_strain/1-3_summary.txt
03_assign_reads_to_strain/1-3.progress
03_assign_reads_to_strain/1-10_strain_counts.csv
03_assign_reads_to_strain/1-10_summary.txt
03_assign_reads_to_strain/1-10.progress
03_assign_reads_to_strain/1-17_strain_counts.csv
03_assign_reads_to_strain/1-17_summary.txt
03_assign_reads_to_strain/1-17.progress
03_assign_reads_to_strain/1-24_strain_counts.csv
03_assign_reads_to_strain/1-24_summary.txt
03_assign_reads_to_strain/1-24.progress
03_assign_reads_to_strain/2-7_strain_counts.csv
03_assign_reads_to_strain/2-7_summary.txt
03_assign_reads_to_strain/2-7.progress
03_assign_reads_to_strain/2-14_strain_counts.csv
03_assign_reads_to_strain/2-14_summary.txt
03_assign_reads_to_strain/2-14.progress
03_assign_reads_to_strain/2-18_strain_counts.csv
03_assign_reads_to_strain/2-18_summary.txt
03_assign_reads_to_strain/2-18.progress
03_assign_reads_to_strain/2-21_strain_counts.csv
03_assign_reads_to_strain/2-21_summary.txt
03_assign_reads_to_strain/2-21.progress
03_assign_reads_to_strain/3-4_strain_counts.csv
03_assign_reads_to_strain/3-4_summary.txt
03_assign_reads_to_strain/3-4.progress
03_assign_reads_to_strain/3-7_strain_counts.csv
03_assign_reads_to_strain/3-7_summary.txt
03_assign_reads_to_strain/3-7.progress
03_assign_reads_to_strain/3-11_strain_counts.csv
03_assign_reads_to_strain/3-11_summary.txt
03_assign_reads_to_strain/3-11.progress
03_assign_reads_to_strain/1-14_strain_counts.csv
03_assign_reads_to_strain/1-14_summary.txt
03_assign_reads_to_strain/1-14.progress
